<?xml version="1.0" encoding="utf-8"?>
<Project ToolsVersion="4.0" xmlns="http://schemas.microsoft.com/developer/msbuild/2003">
  <ItemGroup>
    <Filter Include="소스 파일">
      <UniqueIdentifier>{4FC737F1-C7A5-4376-A066-2A32D752A2FF}</UniqueIdentifier>
      <Extensions>cpp;c;cc;cxx;c++;cppm;ixx;def;odl;idl;hpj;bat;asm;asmx</Extensions>
    </Filter>
    <Filter Include="헤더 파일">
      <UniqueIdentifier>{93995380-89BD-4b04-88EB-625FBE52EBFB}</UniqueIdentifier>
      <Extensions>h;hh;hpp;hxx;h++;hm;inl;inc;ipp;xsd</Extensions>
    </Filter>
    <Filter Include="리소스 파일">
      <UniqueIdentifier>{67DA6AB6-F800-4c08-8B7A-83BB121AAD01}</UniqueIdentifier>
      <Extensions>rc;ico;cur;bmp;dlg;rc2;rct;bin;rgs;gif;jpg;jpeg;jpe;resx;tiff;tif;png;wav;mfcribbon-ms</Extensions>
    </Filter>
    <Filter Include="Network">
      <UniqueIdentifier>{9e671374-0ccb-4698-bd5e-49d69a8ab57a}</UniqueIdentifier>
    </Filter>
    <Filter Include="Manager">
      <UniqueIdentifier>{0496d2e1-ef2d-4861-a80e-7ce3cab1774b}</UniqueIdentifier>
    </Filter>
    <Filter Include="Player">
      <UniqueIdentifier>{4bb5d1a7-96e6-4821-bae5-046fe63a032c}</UniqueIdentifier>
    </Filter>
    <Filter Include="Room">
      <UniqueIdentifier>{99383fa1-bb92-4ebf-a028-b1e9e23439a4}</UniqueIdentifier>
    </Filter>
  </ItemGroup>
  <ItemGroup>
    <ClInclude Include="ServerTool.h">
      <Filter>헤더 파일</Filter>
    </ClInclude>
    <ClInclude Include="ServerToolDlg.h">
      <Filter>헤더 파일</Filter>
    </ClInclude>
    <ClInclude Include="framework.h">
      <Filter>헤더 파일</Filter>
    </ClInclude>
    <ClInclude Include="targetver.h">
      <Filter>헤더 파일</Filter>
    </ClInclude>
    <ClInclude Include="Resource.h">
      <Filter>헤더 파일</Filter>
    </ClInclude>
    <ClInclude Include="pch.h">
      <Filter>헤더 파일</Filter>
    </ClInclude>
    <ClInclude Include="MainSystem.h">
      <Filter>Network</Filter>
    </ClInclude>
    <ClInclude Include="PacketDefine.h">
      <Filter>Network</Filter>
    </ClInclude>
    <ClInclude Include="StreamQueue.h">
      <Filter>Network</Filter>
    </ClInclude>
    <ClInclude Include="TcpSocket.h">
      <Filter>Network</Filter>
    </ClInclude>
    <ClInclude Include="WinSocket.h">
      <Filter>Network</Filter>
    </ClInclude>
    <ClInclude Include="LobbyManager.h">
      <Filter>Manager</Filter>
    </ClInclude>
    <ClInclude Include="PacketAnalyzer.h">
      <Filter>Network</Filter>
    </ClInclude>
    <ClInclude Include="PlayerInfo.h">
      <Filter>Player</Filter>
    </ClInclude>
    <ClInclude Include="WinSocManager.h">
      <Filter>Manager</Filter>
    </ClInclude>
    <ClInclude Include="DBManager.h">
      <Filter>Manager</Filter>
    </ClInclude>
    <ClInclude Include="RoomInfo.h">
      <Filter>Room</Filter>
    </ClInclude>
    <ClInclude Include="RoomManager.h">
      <Filter>Manager</Filter>
    </ClInclude>
  </ItemGroup>
  <ItemGroup>
    <ClCompile Include="ServerTool.cpp">
      <Filter>소스 파일</Filter>
    </ClCompile>
    <ClCompile Include="ServerToolDlg.cpp">
      <Filter>소스 파일</Filter>
    </ClCompile>
    <ClCompile Include="pch.cpp">
      <Filter>소스 파일</Filter>
    </ClCompile>
    <ClCompile Include="MainSystem.cpp">
      <Filter>Network</Filter>
    </ClCompile>
    <ClCompile Include="StreamQueue.cpp">
      <Filter>Network</Filter>
    </ClCompile>
    <ClCompile Include="TcpSocket.cpp">
      <Filter>Network</Filter>
    </ClCompile>
    <ClCompile Include="WinSocket.cpp">
      <Filter>Network</Filter>
    </ClCompile>
    <ClCompile Include="LobbyManager.cpp">
      <Filter>Manager</Filter>
    </ClCompile>
    <ClCompile Include="PacketAnalyzer.cpp">
      <Filter>Network</Filter>
    </ClCompile>
    <ClCompile Include="WinSocManager.cpp">
      <Filter>Manager</Filter>
    </ClCompile>
    <ClCompile Include="DBManager.cpp">
      <Filter>Manager</Filter>
    </ClCompile>
    <ClCompile Include="RoomManager.cpp">
      <Filter>Manager</Filter>
    </ClCompile>
  </ItemGroup>
  <ItemGroup>
    <ResourceCompile Include="ServerTool.rc">
      <Filter>리소스 파일</Filter>
    </ResourceCompile>
  </ItemGroup>
  <ItemGroup>
    <None Include="res\ServerTool.rc2">
      <Filter>리소스 파일</Filter>
    </None>
  </ItemGroup>
  <ItemGroup>
    <Image Include="res\ServerTool.ico">
      <Filter>리소스 파일</Filter>
    </Image>
  </ItemGroup>
</Project>